// !$*UTF8*$!
{
	archiveVersion = 1;
	classes = {
	};
	objectVersion = 46;
	objects = {

/* Begin PBXBuildFile section */
		23299C4A19F8FA1600615D04 /* SpotifySonosControllerTests.swift in Sources */ = {isa = PBXBuildFile; fileRef = 23299C4919F8FA1600615D04 /* SpotifySonosControllerTests.swift */; };
		23299C8819F909D400615D04 /* AppDelegate.swift in Sources */ = {isa = PBXBuildFile; fileRef = 23299C7819F909D400615D04 /* AppDelegate.swift */; };
		23299C8919F909D400615D04 /* ViewController.swift in Sources */ = {isa = PBXBuildFile; fileRef = 23299C7A19F909D400615D04 /* ViewController.swift */; };
		23299C8A19F909D400615D04 /* Main.storyboard in Resources */ = {isa = PBXBuildFile; fileRef = 23299C7D19F909D400615D04 /* Main.storyboard */; };
		23299C8B19F909D400615D04 /* Images.xcassets in Resources */ = {isa = PBXBuildFile; fileRef = 23299C7F19F909D400615D04 /* Images.xcassets */; };
		E836C7D7A6BEAC5C9AB503A9 /* libPods.a in Frameworks */ = {isa = PBXBuildFile; fileRef = BEE9BB09BC6ABFA33091F76C /* libPods.a */; };
/* End PBXBuildFile section */

/* Begin PBXContainerItemProxy section */
		23299C4419F8FA1600615D04 /* PBXContainerItemProxy */ = {
			isa = PBXContainerItemProxy;
			containerPortal = 23299C2919F8FA1600615D04 /* Project object */;
			proxyType = 1;
			remoteGlobalIDString = 23299C3019F8FA1600615D04;
			remoteInfo = SpotifySonosController;
		};
/* End PBXContainerItemProxy section */

/* Begin PBXFileReference section */
		23299C3119F8FA1600615D04 /* SpotifySonosController.app */ = {isa = PBXFileReference; explicitFileType = wrapper.application; includeInIndex = 0; path = SpotifySonosController.app; sourceTree = BUILT_PRODUCTS_DIR; };
		23299C4319F8FA1600615D04 /* SpotifySonosControllerTests.xctest */ = {isa = PBXFileReference; explicitFileType = wrapper.cfbundle; includeInIndex = 0; path = SpotifySonosControllerTests.xctest; sourceTree = BUILT_PRODUCTS_DIR; };
		23299C4819F8FA1600615D04 /* Info.plist */ = {isa = PBXFileReference; lastKnownFileType = text.plist.xml; path = Info.plist; sourceTree = "<group>"; };
		23299C4919F8FA1600615D04 /* SpotifySonosControllerTests.swift */ = {isa = PBXFileReference; lastKnownFileType = sourcecode.swift; path = SpotifySonosControllerTests.swift; sourceTree = "<group>"; };
		23299C7819F909D400615D04 /* AppDelegate.swift */ = {isa = PBXFileReference; fileEncoding = 4; lastKnownFileType = sourcecode.swift; path = AppDelegate.swift; sourceTree = "<group>"; };
		23299C7A19F909D400615D04 /* ViewController.swift */ = {isa = PBXFileReference; fileEncoding = 4; lastKnownFileType = sourcecode.swift; path = ViewController.swift; sourceTree = "<group>"; };
		23299C7E19F909D400615D04 /* Base */ = {isa = PBXFileReference; lastKnownFileType = file.storyboard; name = Base; path = Base.lproj/Main.storyboard; sourceTree = "<group>"; };
		23299C7F19F909D400615D04 /* Images.xcassets */ = {isa = PBXFileReference; lastKnownFileType = folder.assetcatalog; path = Images.xcassets; sourceTree = "<group>"; };
		23299C8019F909D400615D04 /* Info.plist */ = {isa = PBXFileReference; fileEncoding = 4; lastKnownFileType = text.plist.xml; path = Info.plist; sourceTree = "<group>"; };
		23299C9019F90D5A00615D04 /* Security.framework */ = {isa = PBXFileReference; lastKnownFileType = wrapper.framework; name = Security.framework; path = System/Library/Frameworks/Security.framework; sourceTree = SDKROOT; };
		23299C9219F90D6A00615D04 /* SystemConfiguration.framework */ = {isa = PBXFileReference; lastKnownFileType = wrapper.framework; name = SystemConfiguration.framework; path = System/Library/Frameworks/SystemConfiguration.framework; sourceTree = SDKROOT; };
		23299C9419F90D7700615D04 /* libPods-AFNetworking.a */ = {isa = PBXFileReference; lastKnownFileType = archive.ar; name = "libPods-AFNetworking.a"; path = "Pods/build/Debug-iphoneos/libPods-AFNetworking.a"; sourceTree = "<group>"; };
		23299C9519F90D7700615D04 /* libPods-CocoaAsyncSocket.a */ = {isa = PBXFileReference; lastKnownFileType = archive.ar; name = "libPods-CocoaAsyncSocket.a"; path = "Pods/build/Debug-iphoneos/libPods-CocoaAsyncSocket.a"; sourceTree = "<group>"; };
		23299C9619F90D7700615D04 /* libPods-sonos-objc.a */ = {isa = PBXFileReference; lastKnownFileType = archive.ar; name = "libPods-sonos-objc.a"; path = "Pods/build/Debug-iphoneos/libPods-sonos-objc.a"; sourceTree = "<group>"; };
		2B055D74BF0D8D78AA59515A /* Pods.release.xcconfig */ = {isa = PBXFileReference; includeInIndex = 1; lastKnownFileType = text.xcconfig; name = Pods.release.xcconfig; path = "Pods/Target Support Files/Pods/Pods.release.xcconfig"; sourceTree = "<group>"; };
		9D0DF1862FDAD9D2ADC39EDD /* Pods.debug.xcconfig */ = {isa = PBXFileReference; includeInIndex = 1; lastKnownFileType = text.xcconfig; name = Pods.debug.xcconfig; path = "Pods/Target Support Files/Pods/Pods.debug.xcconfig"; sourceTree = "<group>"; };
		BEE9BB09BC6ABFA33091F76C /* libPods.a */ = {isa = PBXFileReference; explicitFileType = archive.ar; includeInIndex = 0; path = libPods.a; sourceTree = BUILT_PRODUCTS_DIR; };
/* End PBXFileReference section */

/* Begin PBXFrameworksBuildPhase section */
		23299C2E19F8FA1600615D04 /* Frameworks */ = {
			isa = PBXFrameworksBuildPhase;
			buildActionMask = 2147483647;
			files = (
				E836C7D7A6BEAC5C9AB503A9 /* libPods.a in Frameworks */,
			);
			runOnlyForDeploymentPostprocessing = 0;
		};
		23299C4019F8FA1600615D04 /* Frameworks */ = {
			isa = PBXFrameworksBuildPhase;
			buildActionMask = 2147483647;
			files = (
			);
			runOnlyForDeploymentPostprocessing = 0;
		};
/* End PBXFrameworksBuildPhase section */

/* Begin PBXGroup section */
		23299C2819F8FA1600615D04 = {
			isa = PBXGroup;
			children = (
				23299C3319F8FA1600615D04 /* SpotifySonosController */,
				23299C4619F8FA1600615D04 /* SpotifySonosControllerTests */,
				23299C3219F8FA1600615D04 /* Products */,
				74B641C4D31A5A7AA432BC3E /* Pods */,
				2C6047C130EC2844DC1D123D /* Frameworks */,
			);
			sourceTree = "<group>";
		};
		23299C3219F8FA1600615D04 /* Products */ = {
			isa = PBXGroup;
			children = (
				23299C3119F8FA1600615D04 /* SpotifySonosController.app */,
				23299C4319F8FA1600615D04 /* SpotifySonosControllerTests.xctest */,
			);
			name = Products;
			sourceTree = "<group>";
		};
		23299C3319F8FA1600615D04 /* SpotifySonosController */ = {
			isa = PBXGroup;
			children = (
				23299C7719F909D400615D04 /* Application */,
				23299C7919F909D400615D04 /* Controllers */,
				23299C7B19F909D400615D04 /* Helpers */,
				23299C7C19F909D400615D04 /* Resources */,
			);
			path = SpotifySonosController;
			sourceTree = "<group>";
		};
		23299C4619F8FA1600615D04 /* SpotifySonosControllerTests */ = {
			isa = PBXGroup;
			children = (
				23299C4919F8FA1600615D04 /* SpotifySonosControllerTests.swift */,
				23299C4719F8FA1600615D04 /* Supporting Files */,
			);
			path = SpotifySonosControllerTests;
			sourceTree = "<group>";
		};
		23299C4719F8FA1600615D04 /* Supporting Files */ = {
			isa = PBXGroup;
			children = (
				23299C4819F8FA1600615D04 /* Info.plist */,
			);
			name = "Supporting Files";
			sourceTree = "<group>";
		};
		23299C7719F909D400615D04 /* Application */ = {
			isa = PBXGroup;
			children = (
				23299C7819F909D400615D04 /* AppDelegate.swift */,
			);
			path = Application;
			sourceTree = "<group>";
		};
		23299C7919F909D400615D04 /* Controllers */ = {
			isa = PBXGroup;
			children = (
				23299C7A19F909D400615D04 /* ViewController.swift */,
			);
			path = Controllers;
			sourceTree = "<group>";
		};
		23299C7B19F909D400615D04 /* Helpers */ = {
			isa = PBXGroup;
			children = (
			);
			path = Helpers;
			sourceTree = "<group>";
		};
		23299C7C19F909D400615D04 /* Resources */ = {
			isa = PBXGroup;
			children = (
				23299C7D19F909D400615D04 /* Main.storyboard */,
				23299C7F19F909D400615D04 /* Images.xcassets */,
				23299C8019F909D400615D04 /* Info.plist */,
			);
			path = Resources;
			sourceTree = "<group>";
		};
		2C6047C130EC2844DC1D123D /* Frameworks */ = {
			isa = PBXGroup;
			children = (
				23299C9419F90D7700615D04 /* libPods-AFNetworking.a */,
				23299C9519F90D7700615D04 /* libPods-CocoaAsyncSocket.a */,
				23299C9619F90D7700615D04 /* libPods-sonos-objc.a */,
				23299C9219F90D6A00615D04 /* SystemConfiguration.framework */,
				23299C9019F90D5A00615D04 /* Security.framework */,
				BEE9BB09BC6ABFA33091F76C /* libPods.a */,
			);
			name = Frameworks;
			sourceTree = "<group>";
		};
		74B641C4D31A5A7AA432BC3E /* Pods */ = {
			isa = PBXGroup;
			children = (
				9D0DF1862FDAD9D2ADC39EDD /* Pods.debug.xcconfig */,
				2B055D74BF0D8D78AA59515A /* Pods.release.xcconfig */,
			);
			name = Pods;
			sourceTree = "<group>";
		};
/* End PBXGroup section */

/* Begin PBXNativeTarget section */
		23299C3019F8FA1600615D04 /* SpotifySonosController */ = {
			isa = PBXNativeTarget;
			buildConfigurationList = 23299C4D19F8FA1600615D04 /* Build configuration list for PBXNativeTarget "SpotifySonosController" */;
			buildPhases = (
				81695AC346EECBAAA27591D5 /* Check Pods Manifest.lock */,
				23299C2D19F8FA1600615D04 /* Sources */,
				23299C2E19F8FA1600615D04 /* Frameworks */,
				23299C2F19F8FA1600615D04 /* Resources */,
				ECF5B06630849BE98966CEC2 /* Copy Pods Resources */,
			);
			buildRules = (
			);
			dependencies = (
			);
			name = SpotifySonosController;
			productName = SpotifySonosController;
			productReference = 23299C3119F8FA1600615D04 /* SpotifySonosController.app */;
			productType = "com.apple.product-type.application";
		};
		23299C4219F8FA1600615D04 /* SpotifySonosControllerTests */ = {
			isa = PBXNativeTarget;
			buildConfigurationList = 23299C5019F8FA1600615D04 /* Build configuration list for PBXNativeTarget "SpotifySonosControllerTests" */;
			buildPhases = (
				23299C3F19F8FA1600615D04 /* Sources */,
				23299C4019F8FA1600615D04 /* Frameworks */,
				23299C4119F8FA1600615D04 /* Resources */,
			);
			buildRules = (
			);
			dependencies = (
				23299C4519F8FA1600615D04 /* PBXTargetDependency */,
			);
			name = SpotifySonosControllerTests;
			productName = SpotifySonosControllerTests;
			productReference = 23299C4319F8FA1600615D04 /* SpotifySonosControllerTests.xctest */;
			productType = "com.apple.product-type.bundle.unit-test";
		};
/* End PBXNativeTarget section */

/* Begin PBXProject section */
		23299C2919F8FA1600615D04 /* Project object */ = {
			isa = PBXProject;
			attributes = {
				LastUpgradeCheck = 0610;
				ORGANIZATIONNAME = "Nicolas Langley";
				TargetAttributes = {
					23299C3019F8FA1600615D04 = {
						CreatedOnToolsVersion = 6.1;
					};
					23299C4219F8FA1600615D04 = {
						CreatedOnToolsVersion = 6.1;
						TestTargetID = 23299C3019F8FA1600615D04;
					};
				};
			};
			buildConfigurationList = 23299C2C19F8FA1600615D04 /* Build configuration list for PBXProject "SpotifySonosController" */;
			compatibilityVersion = "Xcode 3.2";
			developmentRegion = English;
			hasScannedForEncodings = 0;
			knownRegions = (
				en,
				Base,
			);
			mainGroup = 23299C2819F8FA1600615D04;
			productRefGroup = 23299C3219F8FA1600615D04 /* Products */;
			projectDirPath = "";
			projectRoot = "";
			targets = (
				23299C3019F8FA1600615D04 /* SpotifySonosController */,
				23299C4219F8FA1600615D04 /* SpotifySonosControllerTests */,
			);
		};
/* End PBXProject section */

/* Begin PBXResourcesBuildPhase section */
		23299C2F19F8FA1600615D04 /* Resources */ = {
			isa = PBXResourcesBuildPhase;
			buildActionMask = 2147483647;
			files = (
				23299C8A19F909D400615D04 /* Main.storyboard in Resources */,
				23299C8B19F909D400615D04 /* Images.xcassets in Resources */,
			);
			runOnlyForDeploymentPostprocessing = 0;
		};
		23299C4119F8FA1600615D04 /* Resources */ = {
			isa = PBXResourcesBuildPhase;
			buildActionMask = 2147483647;
			files = (
			);
			runOnlyForDeploymentPostprocessing = 0;
		};
/* End PBXResourcesBuildPhase section */

/* Begin PBXShellScriptBuildPhase section */
		81695AC346EECBAAA27591D5 /* Check Pods Manifest.lock */ = {
			isa = PBXShellScriptBuildPhase;
			buildActionMask = 2147483647;
			files = (
			);
			inputPaths = (
			);
			name = "Check Pods Manifest.lock";
			outputPaths = (
			);
			runOnlyForDeploymentPostprocessing = 0;
			shellPath = /bin/sh;
			shellScript = "diff \"${PODS_ROOT}/../Podfile.lock\" \"${PODS_ROOT}/Manifest.lock\" > /dev/null\nif [[ $? != 0 ]] ; then\n    cat << EOM\nerror: The sandbox is not in sync with the Podfile.lock. Run 'pod install' or update your CocoaPods installation.\nEOM\n    exit 1\nfi\n";
			showEnvVarsInLog = 0;
		};
		ECF5B06630849BE98966CEC2 /* Copy Pods Resources */ = {
			isa = PBXShellScriptBuildPhase;
			buildActionMask = 2147483647;
			files = (
			);
			inputPaths = (
			);
			name = "Copy Pods Resources";
			outputPaths = (
			);
			runOnlyForDeploymentPostprocessing = 0;
			shellPath = /bin/sh;
			shellScript = "\"${SRCROOT}/Pods/Target Support Files/Pods/Pods-resources.sh\"\n";
			showEnvVarsInLog = 0;
		};
/* End PBXShellScriptBuildPhase section */

/* Begin PBXSourcesBuildPhase section */
		23299C2D19F8FA1600615D04 /* Sources */ = {
			isa = PBXSourcesBuildPhase;
			buildActionMask = 2147483647;
			files = (
				23299C8919F909D400615D04 /* ViewController.swift in Sources */,
				23299C8819F909D400615D04 /* AppDelegate.swift in Sources */,
			);
			runOnlyForDeploymentPostprocessing = 0;
		};
		23299C3F19F8FA1600615D04 /* Sources */ = {
			isa = PBXSourcesBuildPhase;
			buildActionMask = 2147483647;
			files = (
				23299C4A19F8FA1600615D04 /* SpotifySonosControllerTests.swift in Sources */,
			);
			runOnlyForDeploymentPostprocessing = 0;
		};
/* End PBXSourcesBuildPhase section */

/* Begin PBXTargetDependency section */
		23299C4519F8FA1600615D04 /* PBXTargetDependency */ = {
			isa = PBXTargetDependency;
			target = 23299C3019F8FA1600615D04 /* SpotifySonosController */;
			targetProxy = 23299C4419F8FA1600615D04 /* PBXContainerItemProxy */;
		};
/* End PBXTargetDependency section */

/* Begin PBXVariantGroup section */
		23299C7D19F909D400615D04 /* Main.storyboard */ = {
			isa = PBXVariantGroup;
			children = (
				23299C7E19F909D400615D04 /* Base */,
			);
			name = Main.storyboard;
			sourceTree = "<group>";
		};
/* End PBXVariantGroup section */

/* Begin XCBuildConfiguration section */
		23299C4B19F8FA1600615D04 /* Debug */ = {
			isa = XCBuildConfiguration;
			buildSettings = {
				ALWAYS_SEARCH_USER_PATHS = NO;
				CLANG_CXX_LANGUAGE_STANDARD = "gnu++0x";
				CLANG_CXX_LIBRARY = "libc++";
				CLANG_ENABLE_MODULES = YES;
				CLANG_ENABLE_OBJC_ARC = YES;
				CLANG_WARN_BOOL_CONVERSION = YES;
				CLANG_WARN_CONSTANT_CONVERSION = YES;
				CLANG_WARN_DIRECT_OBJC_ISA_USAGE = YES_ERROR;
				CLANG_WARN_EMPTY_BODY = YES;
				CLANG_WARN_ENUM_CONVERSION = YES;
				CLANG_WARN_INT_CONVERSION = YES;
				CLANG_WARN_OBJC_ROOT_CLASS = YES_ERROR;
				CLANG_WARN_UNREACHABLE_CODE = YES;
				CLANG_WARN__DUPLICATE_METHOD_MATCH = YES;
				CODE_SIGN_IDENTITY = "-";
				COPY_PHASE_STRIP = NO;
				ENABLE_STRICT_OBJC_MSGSEND = YES;
				GCC_C_LANGUAGE_STANDARD = gnu99;
				GCC_DYNAMIC_NO_PIC = NO;
				GCC_OPTIMIZATION_LEVEL = 0;
				GCC_PREPROCESSOR_DEFINITIONS = (
					"DEBUG=1",
					"$(inherited)",
				);
				GCC_SYMBOLS_PRIVATE_EXTERN = NO;
				GCC_WARN_64_TO_32_BIT_CONVERSION = YES;
				GCC_WARN_ABOUT_RETURN_TYPE = YES_ERROR;
				GCC_WARN_UNDECLARED_SELECTOR = YES;
				GCC_WARN_UNINITIALIZED_AUTOS = YES_AGGRESSIVE;
				GCC_WARN_UNUSED_FUNCTION = YES;
				GCC_WARN_UNUSED_VARIABLE = YES;
				MACOSX_DEPLOYMENT_TARGET = 10.10;
				MTL_ENABLE_DEBUG_INFO = YES;
				ONLY_ACTIVE_ARCH = YES;
				SDKROOT = macosx;
				SWIFT_OPTIMIZATION_LEVEL = "-Onone";
			};
			name = Debug;
		};
		23299C4C19F8FA1600615D04 /* Release */ = {
			isa = XCBuildConfiguration;
			buildSettings = {
				ALWAYS_SEARCH_USER_PATHS = NO;
				CLANG_CXX_LANGUAGE_STANDARD = "gnu++0x";
				CLANG_CXX_LIBRARY = "libc++";
				CLANG_ENABLE_MODULES = YES;
				CLANG_ENABLE_OBJC_ARC = YES;
				CLANG_WARN_BOOL_CONVERSION = YES;
				CLANG_WARN_CONSTANT_CONVERSION = YES;
				CLANG_WARN_DIRECT_OBJC_ISA_USAGE = YES_ERROR;
				CLANG_WARN_EMPTY_BODY = YES;
				CLANG_WARN_ENUM_CONVERSION = YES;
				CLANG_WARN_INT_CONVERSION = YES;
				CLANG_WARN_OBJC_ROOT_CLASS = YES_ERROR;
				CLANG_WARN_UNREACHABLE_CODE = YES;
				CLANG_WARN__DUPLICATE_METHOD_MATCH = YES;
				CODE_SIGN_IDENTITY = "-";
				COPY_PHASE_STRIP = YES;
				DEBUG_INFORMATION_FORMAT = "dwarf-with-dsym";
				ENABLE_NS_ASSERTIONS = NO;
				ENABLE_STRICT_OBJC_MSGSEND = YES;
				GCC_C_LANGUAGE_STANDARD = gnu99;
				GCC_WARN_64_TO_32_BIT_CONVERSION = YES;
				GCC_WARN_ABOUT_RETURN_TYPE = YES_ERROR;
				GCC_WARN_UNDECLARED_SELECTOR = YES;
				GCC_WARN_UNINITIALIZED_AUTOS = YES_AGGRESSIVE;
				GCC_WARN_UNUSED_FUNCTION = YES;
				GCC_WARN_UNUSED_VARIABLE = YES;
				MACOSX_DEPLOYMENT_TARGET = 10.10;
				MTL_ENABLE_DEBUG_INFO = NO;
				SDKROOT = macosx;
			};
			name = Release;
		};
		23299C4E19F8FA1600615D04 /* Debug */ = {
			isa = XCBuildConfiguration;
			baseConfigurationReference = 9D0DF1862FDAD9D2ADC39EDD /* Pods.debug.xcconfig */;
			buildSettings = {
				ASSETCATALOG_COMPILER_APPICON_NAME = AppIcon;
				COMBINE_HIDPI_IMAGES = YES;
				INFOPLIST_FILE = "$(SRCROOT)/SpotifySonosController/Resources/Info.plist";
				LD_RUNPATH_SEARCH_PATHS = "$(inherited) @executable_path/../Frameworks";
				LIBRARY_SEARCH_PATHS = (
					"$(inherited)",
					"$(PROJECT_DIR)/Pods/build/Debug-iphoneos",
				);
				PRODUCT_NAME = "$(TARGET_NAME)";
			};
			name = Debug;
		};
		23299C4F19F8FA1600615D04 /* Release */ = {
			isa = XCBuildConfiguration;
			baseConfigurationReference = 2B055D74BF0D8D78AA59515A /* Pods.release.xcconfig */;
			buildSettings = {
				ASSETCATALOG_COMPILER_APPICON_NAME = AppIcon;
				COMBINE_HIDPI_IMAGES = YES;
				INFOPLIST_FILE = "$(SRCROOT)/SpotifySonosController/Resources/Info.plist";
				LD_RUNPATH_SEARCH_PATHS = "$(inherited) @executable_path/../Frameworks";
				LIBRARY_SEARCH_PATHS = (
					"$(inherited)",
					"$(PROJECT_DIR)/Pods/build/Debug-iphoneos",
				);
				PRODUCT_NAME = "$(TARGET_NAME)";
			};
			name = Release;
		};
		23299C5119F8FA1600615D04 /* Debug */ = {
			isa = XCBuildConfiguration;
			buildSettings = {
				BUNDLE_LOADER = "$(TEST_HOST)";
				COMBINE_HIDPI_IMAGES = YES;
				FRAMEWORK_SEARCH_PATHS = (
					"$(DEVELOPER_FRAMEWORKS_DIR)",
					"$(inherited)",
				);
				GCC_PREPROCESSOR_DEFINITIONS = (
					"DEBUG=1",
					"$(inherited)",
				);
				INFOPLIST_FILE = SpotifySonosControllerTests/Info.plist;
				LD_RUNPATH_SEARCH_PATHS = "$(inherited) @executable_path/../Frameworks @loader_path/../Frameworks";
				PRODUCT_NAME = "$(TARGET_NAME)";
				TEST_HOST = "$(BUILT_PRODUCTS_DIR)/SpotifySonosController.app/Contents/MacOS/SpotifySonosController";
			};
			name = Debug;
		};
		23299C5219F8FA1600615D04 /* Release */ = {
			isa = XCBuildConfiguration;
			buildSettings = {
				BUNDLE_LOADER = "$(TEST_HOST)";
				COMBINE_HIDPI_IMAGES = YES;
				FRAMEWORK_SEARCH_PATHS = (
					"$(DEVELOPER_FRAMEWORKS_DIR)",
					"$(inherited)",
				);
				INFOPLIST_FILE = SpotifySonosControllerTests/Info.plist;
				LD_RUNPATH_SEARCH_PATHS = "$(inherited) @executable_path/../Frameworks @loader_path/../Frameworks";
				PRODUCT_NAME = "$(TARGET_NAME)";
				TEST_HOST = "$(BUILT_PRODUCTS_DIR)/SpotifySonosController.app/Contents/MacOS/SpotifySonosController";
			};
			name = Release;
		};
/* End XCBuildConfiguration section */

/* Begin XCConfigurationList section */
		23299C2C19F8FA1600615D04 /* Build configuration list for PBXProject "SpotifySonosController" */ = {
			isa = XCConfigurationList;
			buildConfigurations = (
				23299C4B19F8FA1600615D04 /* Debug */,
				23299C4C19F8FA1600615D04 /* Release */,
			);
			defaultConfigurationIsVisible = 0;
			defaultConfigurationName = Release;
		};
		23299C4D19F8FA1600615D04 /* Build configuration list for PBXNativeTarget "SpotifySonosController" */ = {
			isa = XCConfigurationList;
			buildConfigurations = (
				23299C4E19F8FA1600615D04 /* Debug */,
				23299C4F19F8FA1600615D04 /* Release */,
			);
			defaultConfigurationIsVisible = 0;
			defaultConfigurationName = Release;
		};
		23299C5019F8FA1600615D04 /* Build configuration list for PBXNativeTarget "SpotifySonosControllerTests" */ = {
			isa = XCConfigurationList;
			buildConfigurations = (
				23299C5119F8FA1600615D04 /* Debug */,
				23299C5219F8FA1600615D04 /* Release */,
			);
			defaultConfigurationIsVisible = 0;
			defaultConfigurationName = Release;
		};
/* End XCConfigurationList section */
	};
	rootObject = 23299C2919F8FA1600615D04 /* Project object */;
}
